# This file is generated by running "yarn install" inside your project.
# Manual changes might be lost - proceed with caution!

__metadata:
  version: 6
  cacheKey: 8

"@types/node@npm:^18.0.0":
  version: 18.0.0
  resolution: "@types/node@npm:18.0.0"
  checksum: aab2b325727a2599f6d25ebe0dedf58c40fb66a51ce4ca9c0226ceb70fcda2d3afccdca29db5942eb48b158ee8585a274a1e3750c718bbd5399d7f41d62dfdcc
  languageName: node
  linkType: hard

"mrkv@workspace:.":
  version: 0.0.0-use.local
  resolution: "mrkv@workspace:."
  dependencies:
    "@types/node": ^18.0.0
  languageName: unknown
  linkType: soft
